
Microsoft Visual Studio Solution File, Format Version 12.00
# Visual Studio Version 16
VisualStudioVersion = 16.0.32901.82
MinimumVisualStudioVersion = 10.0.40219.1
Project("{FAE04EC0-301F-11D3-BF4B-00C04F79EFBC}") = "lab_10", "lab_10.csproj", "{73145320-1489-40CA-A5FE-6678BE9C6C2B}"
EndProject
Global
	GlobalSection(SolutionConfigurationPlatforms) = preSolution
		Debug|Any CPU = Debug|Any CPU
		Release|Any CPU = Release|Any CPU
	EndGlobalSection
	GlobalSection(ProjectConfigurationPlatforms) = postSolution
		{73145320-1489-40CA-A5FE-6678BE9C6C2B}.Debug|Any CPU.ActiveCfg = Debug|Any CPU
		{73145320-1489-40CA-A5FE-6678BE9C6C2B}.Debug|Any CPU.Build.0 = Debug|Any CPU
		{73145320-1489-40CA-A5FE-6678BE9C6C2B}.Release|Any CPU.ActiveCfg = Release|Any CPU
		{73145320-1489-40CA-A5FE-6678BE9C6C2B}.Release|Any CPU.Build.0 = Release|Any CPU
	EndGlobalSection
	GlobalSection(SolutionProperties) = preSolution
		HideSolutionNode = FALSE
	EndGlobalSection
	GlobalSection(ExtensibilityGlobals) = postSolution
		SolutionGuid = {EEB2F81C-E219-4477-9004-B9CFD8D63FFD}
	EndGlobalSection
EndGlobal
